
Microsoft Visual Studio Solution File, Format Version 12.00
# Visual Studio Version 17
VisualStudioVersion = 17.11.35303.130
MinimumVisualStudioVersion = 10.0.40219.1
Project("{2150E333-8FDC-42A3-9474-1A3956D46DE8}") = "src", "src", "{627E2780-EDD7-454A-BC7C-56F526FA43D6}"
EndProject
Project("{2150E333-8FDC-42A3-9474-1A3956D46DE8}") = "Modules", "Modules", "{39F833CF-D201-40A9-A747-9DE37BAD220C}"
EndProject
Project("{2150E333-8FDC-42A3-9474-1A3956D46DE8}") = "EndPoints", "EndPoints", "{986A05DF-290A-4729-9EA1-914A672CF0CE}"
EndProject
Project("{2150E333-8FDC-42A3-9474-1A3956D46DE8}") = "Common", "Common", "{1543B1B5-547D-4872-95E5-C90632821EEA}"
EndProject
Project("{2150E333-8FDC-42A3-9474-1A3956D46DE8}") = "Blog", "Blog", "{05F5CB81-B905-4B0B-BC9A-EA1A4EE87F0F}"
EndProject
Project("{9A19103F-16F7-4668-BE54-9A1E7A4F7556}") = "BlogModule", "src\Modules\Blog\BlogModule\BlogModule.csproj", "{AEEC4F7D-FA85-453D-91AF-6C17EF853444}"
EndProject
Project("{9A19103F-16F7-4668-BE54-9A1E7A4F7556}") = "Common.Domain", "src\Common\Common.Domain\Common.Domain.csproj", "{B36BF609-1A2C-4FAA-B170-7553155CECCD}"
EndProject
Project("{9A19103F-16F7-4668-BE54-9A1E7A4F7556}") = "Common.Application", "src\Common\Common.Application\Common.Application.csproj", "{8D391756-B64C-45B2-B4C6-564653FEC3DD}"
EndProject
Project("{9A19103F-16F7-4668-BE54-9A1E7A4F7556}") = "Common.Infrastructure", "src\Common\Common.Infrastructure\Common.Infrastructure.csproj", "{F337F9B9-AF0E-4E5B-A422-845FBFF282F8}"
EndProject
Project("{2150E333-8FDC-42A3-9474-1A3956D46DE8}") = "Ticket", "Ticket", "{761A001E-2093-40F2-BFF0-31896E1CFFE9}"
EndProject
Project("{9A19103F-16F7-4668-BE54-9A1E7A4F7556}") = "TicketModule", "src\Modules\Ticket\TicketModule\TicketModule.csproj", "{B9C4B995-5FBB-407A-A0A8-6CFDA7D9C11A}"
EndProject
Project("{2150E333-8FDC-42A3-9474-1A3956D46DE8}") = "User", "User", "{8A7D9BCA-4D09-4DC7-9BF0-4F8365F347C8}"
EndProject
Project("{9A19103F-16F7-4668-BE54-9A1E7A4F7556}") = "UserModule.Data", "src\Modules\User\UserModule.Data\UserModule.Data.csproj", "{594639A0-9504-4F31-A2A5-36F54C54F05A}"
EndProject
Project("{9A19103F-16F7-4668-BE54-9A1E7A4F7556}") = "UserModule.Core", "src\Modules\User\UserModule.Core\UserModule.Core.csproj", "{28C0FA8E-41A0-4806-8DDA-DBD7A42B044B}"
EndProject
Project("{9A19103F-16F7-4668-BE54-9A1E7A4F7556}") = "Common.Query", "src\Common\Common.Query\Common.Query.csproj", "{48187B1B-4EA4-4806-9C65-5D9FB4182FD6}"
EndProject
Project("{9A19103F-16F7-4668-BE54-9A1E7A4F7556}") = "DigiLearn.Web", "src\EndPoints\DigiLearn.Web\DigiLearn.Web.csproj", "{CBDD7B96-86D2-46BD-8B6A-A8A51F32DEB2}"
EndProject
Project("{2150E333-8FDC-42A3-9474-1A3956D46DE8}") = "Core", "Core", "{1BD2C76D-128E-4BA1-AA0A-8FA3F7B8CF60}"
EndProject
Project("{9A19103F-16F7-4668-BE54-9A1E7A4F7556}") = "CoreModule.Domain", "src\Modules\Core\CoreModule.Domain\CoreModule.Domain.csproj", "{1D259702-5B88-47A2-AEF1-A5D005B54537}"
EndProject
Project("{9A19103F-16F7-4668-BE54-9A1E7A4F7556}") = "CoreModule.Application", "src\Modules\Core\CoreModule.Application\CoreModule.Application.csproj", "{5E9020DA-0094-4157-BBA6-98FCAD867775}"
EndProject
Project("{9A19103F-16F7-4668-BE54-9A1E7A4F7556}") = "CoreModule.Infrastructure", "src\Modules\Core\CoreModules.Infrastructure\CoreModule.Infrastructure.csproj", "{A99BFFD0-E1FD-4840-9551-BD7021563927}"
EndProject
Project("{9A19103F-16F7-4668-BE54-9A1E7A4F7556}") = "CoreModule.Query", "src\Modules\Core\CoreModule.Query\CoreModule.Query.csproj", "{75DABB78-1B1D-4730-A232-C35A20692021}"
EndProject
Project("{9A19103F-16F7-4668-BE54-9A1E7A4F7556}") = "CoreModule.Facade", "src\Modules\Core\CoreModule.Facade\CoreModule.Facade.csproj", "{9FC8484B-4BF6-4556-8C06-CA5B9A491AD4}"
EndProject
Project("{9A19103F-16F7-4668-BE54-9A1E7A4F7556}") = "CoreModule.Config", "src\Modules\Core\CoreModule.Config\CoreModule.Config.csproj", "{868A47EB-78D9-4F48-B85C-4C38A1DA0171}"
EndProject
Project("{FAE04EC0-301F-11D3-BF4B-00C04F79EFBC}") = "Common.EventBus", "src\Common\Common.EventBus\Common.EventBus.csproj", "{029DFCD4-69C2-4DA5-BAEE-C7DE08513274}"
EndProject
Global
	GlobalSection(SolutionConfigurationPlatforms) = preSolution
		Debug|Any CPU = Debug|Any CPU
		Release|Any CPU = Release|Any CPU
	EndGlobalSection
	GlobalSection(ProjectConfigurationPlatforms) = postSolution
		{AEEC4F7D-FA85-453D-91AF-6C17EF853444}.Debug|Any CPU.ActiveCfg = Debug|Any CPU
		{AEEC4F7D-FA85-453D-91AF-6C17EF853444}.Debug|Any CPU.Build.0 = Debug|Any CPU
		{AEEC4F7D-FA85-453D-91AF-6C17EF853444}.Release|Any CPU.ActiveCfg = Release|Any CPU
		{AEEC4F7D-FA85-453D-91AF-6C17EF853444}.Release|Any CPU.Build.0 = Release|Any CPU
		{B36BF609-1A2C-4FAA-B170-7553155CECCD}.Debug|Any CPU.ActiveCfg = Debug|Any CPU
		{B36BF609-1A2C-4FAA-B170-7553155CECCD}.Debug|Any CPU.Build.0 = Debug|Any CPU
		{B36BF609-1A2C-4FAA-B170-7553155CECCD}.Release|Any CPU.ActiveCfg = Release|Any CPU
		{B36BF609-1A2C-4FAA-B170-7553155CECCD}.Release|Any CPU.Build.0 = Release|Any CPU
		{8D391756-B64C-45B2-B4C6-564653FEC3DD}.Debug|Any CPU.ActiveCfg = Debug|Any CPU
		{8D391756-B64C-45B2-B4C6-564653FEC3DD}.Debug|Any CPU.Build.0 = Debug|Any CPU
		{8D391756-B64C-45B2-B4C6-564653FEC3DD}.Release|Any CPU.ActiveCfg = Release|Any CPU
		{8D391756-B64C-45B2-B4C6-564653FEC3DD}.Release|Any CPU.Build.0 = Release|Any CPU
		{F337F9B9-AF0E-4E5B-A422-845FBFF282F8}.Debug|Any CPU.ActiveCfg = Debug|Any CPU
		{F337F9B9-AF0E-4E5B-A422-845FBFF282F8}.Debug|Any CPU.Build.0 = Debug|Any CPU
		{F337F9B9-AF0E-4E5B-A422-845FBFF282F8}.Release|Any CPU.ActiveCfg = Release|Any CPU
		{F337F9B9-AF0E-4E5B-A422-845FBFF282F8}.Release|Any CPU.Build.0 = Release|Any CPU
		{B9C4B995-5FBB-407A-A0A8-6CFDA7D9C11A}.Debug|Any CPU.ActiveCfg = Debug|Any CPU
		{B9C4B995-5FBB-407A-A0A8-6CFDA7D9C11A}.Debug|Any CPU.Build.0 = Debug|Any CPU
		{B9C4B995-5FBB-407A-A0A8-6CFDA7D9C11A}.Release|Any CPU.ActiveCfg = Release|Any CPU
		{B9C4B995-5FBB-407A-A0A8-6CFDA7D9C11A}.Release|Any CPU.Build.0 = Release|Any CPU
		{594639A0-9504-4F31-A2A5-36F54C54F05A}.Debug|Any CPU.ActiveCfg = Debug|Any CPU
		{594639A0-9504-4F31-A2A5-36F54C54F05A}.Debug|Any CPU.Build.0 = Debug|Any CPU
		{594639A0-9504-4F31-A2A5-36F54C54F05A}.Release|Any CPU.ActiveCfg = Release|Any CPU
		{594639A0-9504-4F31-A2A5-36F54C54F05A}.Release|Any CPU.Build.0 = Release|Any CPU
		{28C0FA8E-41A0-4806-8DDA-DBD7A42B044B}.Debug|Any CPU.ActiveCfg = Debug|Any CPU
		{28C0FA8E-41A0-4806-8DDA-DBD7A42B044B}.Debug|Any CPU.Build.0 = Debug|Any CPU
		{28C0FA8E-41A0-4806-8DDA-DBD7A42B044B}.Release|Any CPU.ActiveCfg = Release|Any CPU
		{28C0FA8E-41A0-4806-8DDA-DBD7A42B044B}.Release|Any CPU.Build.0 = Release|Any CPU
		{48187B1B-4EA4-4806-9C65-5D9FB4182FD6}.Debug|Any CPU.ActiveCfg = Debug|Any CPU
		{48187B1B-4EA4-4806-9C65-5D9FB4182FD6}.Debug|Any CPU.Build.0 = Debug|Any CPU
		{48187B1B-4EA4-4806-9C65-5D9FB4182FD6}.Release|Any CPU.ActiveCfg = Release|Any CPU
		{48187B1B-4EA4-4806-9C65-5D9FB4182FD6}.Release|Any CPU.Build.0 = Release|Any CPU
		{CBDD7B96-86D2-46BD-8B6A-A8A51F32DEB2}.Debug|Any CPU.ActiveCfg = Debug|Any CPU
		{CBDD7B96-86D2-46BD-8B6A-A8A51F32DEB2}.Debug|Any CPU.Build.0 = Debug|Any CPU
		{CBDD7B96-86D2-46BD-8B6A-A8A51F32DEB2}.Release|Any CPU.ActiveCfg = Release|Any CPU
		{CBDD7B96-86D2-46BD-8B6A-A8A51F32DEB2}.Release|Any CPU.Build.0 = Release|Any CPU
		{1D259702-5B88-47A2-AEF1-A5D005B54537}.Debug|Any CPU.ActiveCfg = Debug|Any CPU
		{1D259702-5B88-47A2-AEF1-A5D005B54537}.Debug|Any CPU.Build.0 = Debug|Any CPU
		{1D259702-5B88-47A2-AEF1-A5D005B54537}.Release|Any CPU.ActiveCfg = Release|Any CPU
		{1D259702-5B88-47A2-AEF1-A5D005B54537}.Release|Any CPU.Build.0 = Release|Any CPU
		{5E9020DA-0094-4157-BBA6-98FCAD867775}.Debug|Any CPU.ActiveCfg = Debug|Any CPU
		{5E9020DA-0094-4157-BBA6-98FCAD867775}.Debug|Any CPU.Build.0 = Debug|Any CPU
		{5E9020DA-0094-4157-BBA6-98FCAD867775}.Release|Any CPU.ActiveCfg = Release|Any CPU
		{5E9020DA-0094-4157-BBA6-98FCAD867775}.Release|Any CPU.Build.0 = Release|Any CPU
		{A99BFFD0-E1FD-4840-9551-BD7021563927}.Debug|Any CPU.ActiveCfg = Debug|Any CPU
		{A99BFFD0-E1FD-4840-9551-BD7021563927}.Debug|Any CPU.Build.0 = Debug|Any CPU
		{A99BFFD0-E1FD-4840-9551-BD7021563927}.Release|Any CPU.ActiveCfg = Release|Any CPU
		{A99BFFD0-E1FD-4840-9551-BD7021563927}.Release|Any CPU.Build.0 = Release|Any CPU
		{75DABB78-1B1D-4730-A232-C35A20692021}.Debug|Any CPU.ActiveCfg = Debug|Any CPU
		{75DABB78-1B1D-4730-A232-C35A20692021}.Debug|Any CPU.Build.0 = Debug|Any CPU
		{75DABB78-1B1D-4730-A232-C35A20692021}.Release|Any CPU.ActiveCfg = Release|Any CPU
		{75DABB78-1B1D-4730-A232-C35A20692021}.Release|Any CPU.Build.0 = Release|Any CPU
		{9FC8484B-4BF6-4556-8C06-CA5B9A491AD4}.Debug|Any CPU.ActiveCfg = Debug|Any CPU
		{9FC8484B-4BF6-4556-8C06-CA5B9A491AD4}.Debug|Any CPU.Build.0 = Debug|Any CPU
		{9FC8484B-4BF6-4556-8C06-CA5B9A491AD4}.Release|Any CPU.ActiveCfg = Release|Any CPU
		{9FC8484B-4BF6-4556-8C06-CA5B9A491AD4}.Release|Any CPU.Build.0 = Release|Any CPU
		{868A47EB-78D9-4F48-B85C-4C38A1DA0171}.Debug|Any CPU.ActiveCfg = Debug|Any CPU
		{868A47EB-78D9-4F48-B85C-4C38A1DA0171}.Debug|Any CPU.Build.0 = Debug|Any CPU
		{868A47EB-78D9-4F48-B85C-4C38A1DA0171}.Release|Any CPU.ActiveCfg = Release|Any CPU
		{868A47EB-78D9-4F48-B85C-4C38A1DA0171}.Release|Any CPU.Build.0 = Release|Any CPU
		{029DFCD4-69C2-4DA5-BAEE-C7DE08513274}.Debug|Any CPU.ActiveCfg = Debug|Any CPU
		{029DFCD4-69C2-4DA5-BAEE-C7DE08513274}.Debug|Any CPU.Build.0 = Debug|Any CPU
		{029DFCD4-69C2-4DA5-BAEE-C7DE08513274}.Release|Any CPU.ActiveCfg = Release|Any CPU
		{029DFCD4-69C2-4DA5-BAEE-C7DE08513274}.Release|Any CPU.Build.0 = Release|Any CPU
	EndGlobalSection
	GlobalSection(SolutionProperties) = preSolution
		HideSolutionNode = FALSE
	EndGlobalSection
	GlobalSection(NestedProjects) = preSolution
		{39F833CF-D201-40A9-A747-9DE37BAD220C} = {627E2780-EDD7-454A-BC7C-56F526FA43D6}
		{986A05DF-290A-4729-9EA1-914A672CF0CE} = {627E2780-EDD7-454A-BC7C-56F526FA43D6}
		{1543B1B5-547D-4872-95E5-C90632821EEA} = {627E2780-EDD7-454A-BC7C-56F526FA43D6}
		{05F5CB81-B905-4B0B-BC9A-EA1A4EE87F0F} = {39F833CF-D201-40A9-A747-9DE37BAD220C}
		{AEEC4F7D-FA85-453D-91AF-6C17EF853444} = {05F5CB81-B905-4B0B-BC9A-EA1A4EE87F0F}
		{B36BF609-1A2C-4FAA-B170-7553155CECCD} = {1543B1B5-547D-4872-95E5-C90632821EEA}
		{8D391756-B64C-45B2-B4C6-564653FEC3DD} = {1543B1B5-547D-4872-95E5-C90632821EEA}
		{F337F9B9-AF0E-4E5B-A422-845FBFF282F8} = {1543B1B5-547D-4872-95E5-C90632821EEA}
		{761A001E-2093-40F2-BFF0-31896E1CFFE9} = {39F833CF-D201-40A9-A747-9DE37BAD220C}
		{B9C4B995-5FBB-407A-A0A8-6CFDA7D9C11A} = {761A001E-2093-40F2-BFF0-31896E1CFFE9}
		{8A7D9BCA-4D09-4DC7-9BF0-4F8365F347C8} = {39F833CF-D201-40A9-A747-9DE37BAD220C}
		{594639A0-9504-4F31-A2A5-36F54C54F05A} = {8A7D9BCA-4D09-4DC7-9BF0-4F8365F347C8}
		{28C0FA8E-41A0-4806-8DDA-DBD7A42B044B} = {8A7D9BCA-4D09-4DC7-9BF0-4F8365F347C8}
		{48187B1B-4EA4-4806-9C65-5D9FB4182FD6} = {1543B1B5-547D-4872-95E5-C90632821EEA}
		{CBDD7B96-86D2-46BD-8B6A-A8A51F32DEB2} = {986A05DF-290A-4729-9EA1-914A672CF0CE}
		{1BD2C76D-128E-4BA1-AA0A-8FA3F7B8CF60} = {39F833CF-D201-40A9-A747-9DE37BAD220C}
		{1D259702-5B88-47A2-AEF1-A5D005B54537} = {1BD2C76D-128E-4BA1-AA0A-8FA3F7B8CF60}
		{5E9020DA-0094-4157-BBA6-98FCAD867775} = {1BD2C76D-128E-4BA1-AA0A-8FA3F7B8CF60}
		{A99BFFD0-E1FD-4840-9551-BD7021563927} = {1BD2C76D-128E-4BA1-AA0A-8FA3F7B8CF60}
		{75DABB78-1B1D-4730-A232-C35A20692021} = {1BD2C76D-128E-4BA1-AA0A-8FA3F7B8CF60}
		{9FC8484B-4BF6-4556-8C06-CA5B9A491AD4} = {1BD2C76D-128E-4BA1-AA0A-8FA3F7B8CF60}
		{868A47EB-78D9-4F48-B85C-4C38A1DA0171} = {1BD2C76D-128E-4BA1-AA0A-8FA3F7B8CF60}
		{029DFCD4-69C2-4DA5-BAEE-C7DE08513274} = {1543B1B5-547D-4872-95E5-C90632821EEA}
	EndGlobalSection
	GlobalSection(ExtensibilityGlobals) = postSolution
		SolutionGuid = {1DD98803-2A5E-41F0-90FB-A6CB058AEB6A}
	EndGlobalSection
EndGlobal
